
Microsoft Visual Studio Solution File, Format Version 12.00
# Visual Studio Version 17
VisualStudioVersion = 17.12.35707.178
MinimumVisualStudioVersion = 10.0.40219.1
Project("{8BC9CEB8-8B4A-11D0-8D11-00A0C91BC942}") = "lab1", "lab1\lab1.vcxproj", "{72296B81-45A7-4D5F-85A8-16D54803056B}"
EndProject
Project("{FAE04EC0-301F-11D3-BF4B-00C04F79EFBC}") = "lab2", "lab2\lab2.csproj", "{0720CC79-E5BD-48DB-9514-0CD19B2124D6}"
EndProject
Project("{FAE04EC0-301F-11D3-BF4B-00C04F79EFBC}") = "lab2 (stop-and-wait)", "lab2 (stop-and-wait)\lab2 (stop-and-wait).csproj", "{5DD6E6F8-0976-49C0-8980-912859806841}"
EndProject
Global
	GlobalSection(SolutionConfigurationPlatforms) = preSolution
		Debug|Any CPU = Debug|Any CPU
		Debug|x64 = Debug|x64
		Debug|x86 = Debug|x86
		Release|Any CPU = Release|Any CPU
		Release|x64 = Release|x64
		Release|x86 = Release|x86
	EndGlobalSection
	GlobalSection(ProjectConfigurationPlatforms) = postSolution
		{72296B81-45A7-4D5F-85A8-16D54803056B}.Debug|Any CPU.ActiveCfg = Debug|x64
		{72296B81-45A7-4D5F-85A8-16D54803056B}.Debug|Any CPU.Build.0 = Debug|x64
		{72296B81-45A7-4D5F-85A8-16D54803056B}.Debug|x64.ActiveCfg = Debug|x64
		{72296B81-45A7-4D5F-85A8-16D54803056B}.Debug|x64.Build.0 = Debug|x64
		{72296B81-45A7-4D5F-85A8-16D54803056B}.Debug|x86.ActiveCfg = Debug|Win32
		{72296B81-45A7-4D5F-85A8-16D54803056B}.Debug|x86.Build.0 = Debug|Win32
		{72296B81-45A7-4D5F-85A8-16D54803056B}.Release|Any CPU.ActiveCfg = Release|x64
		{72296B81-45A7-4D5F-85A8-16D54803056B}.Release|Any CPU.Build.0 = Release|x64
		{72296B81-45A7-4D5F-85A8-16D54803056B}.Release|x64.ActiveCfg = Release|x64
		{72296B81-45A7-4D5F-85A8-16D54803056B}.Release|x64.Build.0 = Release|x64
		{72296B81-45A7-4D5F-85A8-16D54803056B}.Release|x86.ActiveCfg = Release|Win32
		{72296B81-45A7-4D5F-85A8-16D54803056B}.Release|x86.Build.0 = Release|Win32
		{0720CC79-E5BD-48DB-9514-0CD19B2124D6}.Debug|Any CPU.ActiveCfg = Debug|Any CPU
		{0720CC79-E5BD-48DB-9514-0CD19B2124D6}.Debug|Any CPU.Build.0 = Debug|Any CPU
		{0720CC79-E5BD-48DB-9514-0CD19B2124D6}.Debug|x64.ActiveCfg = Debug|Any CPU
		{0720CC79-E5BD-48DB-9514-0CD19B2124D6}.Debug|x64.Build.0 = Debug|Any CPU
		{0720CC79-E5BD-48DB-9514-0CD19B2124D6}.Debug|x86.ActiveCfg = Debug|Any CPU
		{0720CC79-E5BD-48DB-9514-0CD19B2124D6}.Debug|x86.Build.0 = Debug|Any CPU
		{0720CC79-E5BD-48DB-9514-0CD19B2124D6}.Release|Any CPU.ActiveCfg = Release|Any CPU
		{0720CC79-E5BD-48DB-9514-0CD19B2124D6}.Release|Any CPU.Build.0 = Release|Any CPU
		{0720CC79-E5BD-48DB-9514-0CD19B2124D6}.Release|x64.ActiveCfg = Release|Any CPU
		{0720CC79-E5BD-48DB-9514-0CD19B2124D6}.Release|x64.Build.0 = Release|Any CPU
		{0720CC79-E5BD-48DB-9514-0CD19B2124D6}.Release|x86.ActiveCfg = Release|Any CPU
		{0720CC79-E5BD-48DB-9514-0CD19B2124D6}.Release|x86.Build.0 = Release|Any CPU
		{5DD6E6F8-0976-49C0-8980-912859806841}.Debug|Any CPU.ActiveCfg = Debug|Any CPU
		{5DD6E6F8-0976-49C0-8980-912859806841}.Debug|Any CPU.Build.0 = Debug|Any CPU
		{5DD6E6F8-0976-49C0-8980-912859806841}.Debug|x64.ActiveCfg = Debug|Any CPU
		{5DD6E6F8-0976-49C0-8980-912859806841}.Debug|x64.Build.0 = Debug|Any CPU
		{5DD6E6F8-0976-49C0-8980-912859806841}.Debug|x86.ActiveCfg = Debug|Any CPU
		{5DD6E6F8-0976-49C0-8980-912859806841}.Debug|x86.Build.0 = Debug|Any CPU
		{5DD6E6F8-0976-49C0-8980-912859806841}.Release|Any CPU.ActiveCfg = Release|Any CPU
		{5DD6E6F8-0976-49C0-8980-912859806841}.Release|Any CPU.Build.0 = Release|Any CPU
		{5DD6E6F8-0976-49C0-8980-912859806841}.Release|x64.ActiveCfg = Release|Any CPU
		{5DD6E6F8-0976-49C0-8980-912859806841}.Release|x64.Build.0 = Release|Any CPU
		{5DD6E6F8-0976-49C0-8980-912859806841}.Release|x86.ActiveCfg = Release|Any CPU
		{5DD6E6F8-0976-49C0-8980-912859806841}.Release|x86.Build.0 = Release|Any CPU
	EndGlobalSection
	GlobalSection(SolutionProperties) = preSolution
		HideSolutionNode = FALSE
	EndGlobalSection
EndGlobal
